
Microsoft Visual Studio Solution File, Format Version 12.00
# Visual Studio Version 16
VisualStudioVersion = 16.0.30621.155
MinimumVisualStudioVersion = 10.0.40219.1
Project("{FAE04EC0-301F-11D3-BF4B-00C04F79EFBC}") = "TeamRandomiser", "TeamRandomiser\TeamRandomiser.csproj", "{0A27C325-D3B4-4685-AF40-E815C099AC1A}"
EndProject
Global
	GlobalSection(SolutionConfigurationPlatforms) = preSolution
		Debug|Any CPU = Debug|Any CPU
		Release|Any CPU = Release|Any CPU
	EndGlobalSection
	GlobalSection(ProjectConfigurationPlatforms) = postSolution
		{0A27C325-D3B4-4685-AF40-E815C099AC1A}.Debug|Any CPU.ActiveCfg = Debug|Any CPU
		{0A27C325-D3B4-4685-AF40-E815C099AC1A}.Debug|Any CPU.Build.0 = Debug|Any CPU
		{0A27C325-D3B4-4685-AF40-E815C099AC1A}.Release|Any CPU.ActiveCfg = Release|Any CPU
		{0A27C325-D3B4-4685-AF40-E815C099AC1A}.Release|Any CPU.Build.0 = Release|Any CPU
	EndGlobalSection
	GlobalSection(SolutionProperties) = preSolution
		HideSolutionNode = FALSE
	EndGlobalSection
	GlobalSection(ExtensibilityGlobals) = postSolution
		SolutionGuid = {A4074842-EA48-4C2A-9740-5EA8EB8A8E23}
	EndGlobalSection
EndGlobal
